// !$*UTF8*$!
{
	archiveVersion = 1;
	classes = {
	};
	objectVersion = 46;
	objects = {

/* Begin PBXBuildFile section */
		ADE6792D1CD94C49002C25D3 /* AppDelegate.swift in Sources */ = {isa = PBXBuildFile; fileRef = ADE6792C1CD94C49002C25D3 /* AppDelegate.swift */; };
		ADE6792F1CD94C49002C25D3 /* ViewController.swift in Sources */ = {isa = PBXBuildFile; fileRef = ADE6792E1CD94C49002C25D3 /* ViewController.swift */; };
		ADE679321CD94C49002C25D3 /* Main.storyboard in Resources */ = {isa = PBXBuildFile; fileRef = ADE679301CD94C49002C25D3 /* Main.storyboard */; };
		ADE679341CD94C49002C25D3 /* Assets.xcassets in Resources */ = {isa = PBXBuildFile; fileRef = ADE679331CD94C49002C25D3 /* Assets.xcassets */; };
		ADE679371CD94C49002C25D3 /* LaunchScreen.storyboard in Resources */ = {isa = PBXBuildFile; fileRef = ADE679351CD94C49002C25D3 /* LaunchScreen.storyboard */; };
/* End PBXBuildFile section */

/* Begin PBXFileReference section */
		ADE679291CD94C49002C25D3 /* golf_n_friends_client.app */ = {isa = PBXFileReference; explicitFileType = wrapper.application; includeInIndex = 0; path = golf_n_friends_client.app; sourceTree = BUILT_PRODUCTS_DIR; };
		ADE6792C1CD94C49002C25D3 /* AppDelegate.swift */ = {isa = PBXFileReference; lastKnownFileType = sourcecode.swift; path = AppDelegate.swift; sourceTree = "<group>"; };
		ADE6792E1CD94C49002C25D3 /* ViewController.swift */ = {isa = PBXFileReference; lastKnownFileType = sourcecode.swift; path = ViewController.swift; sourceTree = "<group>"; };
		ADE679311CD94C49002C25D3 /* Base */ = {isa = PBXFileReference; lastKnownFileType = file.storyboard; name = Base; path = Base.lproj/Main.storyboard; sourceTree = "<group>"; };
		ADE679331CD94C49002C25D3 /* Assets.xcassets */ = {isa = PBXFileReference; lastKnownFileType = folder.assetcatalog; path = Assets.xcassets; sourceTree = "<group>"; };
		ADE679361CD94C49002C25D3 /* Base */ = {isa = PBXFileReference; lastKnownFileType = file.storyboard; name = Base; path = Base.lproj/LaunchScreen.storyboard; sourceTree = "<group>"; };
		ADE679381CD94C49002C25D3 /* Info.plist */ = {isa = PBXFileReference; lastKnownFileType = text.plist.xml; path = Info.plist; sourceTree = "<group>"; };
/* End PBXFileReference section */

/* Begin PBXFrameworksBuildPhase section */
		ADE679261CD94C49002C25D3 /* Frameworks */ = {
			isa = PBXFrameworksBuildPhase;
			buildActionMask = 2147483647;
			files = (
			);
			runOnlyForDeploymentPostprocessing = 0;
		};
/* End PBXFrameworksBuildPhase section */

/* Begin PBXGroup section */
		ADE679201CD94C49002C25D3 = {
			isa = PBXGroup;
			children = (
				ADE6792B1CD94C49002C25D3 /* golf_n_friends_client */,
				ADE6792A1CD94C49002C25D3 /* Products */,
			);
			sourceTree = "<group>";
		};
		ADE6792A1CD94C49002C25D3 /* Products */ = {
			isa = PBXGroup;
			children = (
				ADE679291CD94C49002C25D3 /* golf_n_friends_client.app */,
			);
			name = Products;
			sourceTree = "<group>";
		};
		ADE6792B1CD94C49002C25D3 /* golf_n_friends_client */ = {
			isa = PBXGroup;
			children = (
				ADE6792C1CD94C49002C25D3 /* AppDelegate.swift */,
				ADE6792E1CD94C49002C25D3 /* ViewController.swift */,
				ADE679301CD94C49002C25D3 /* Main.storyboard */,
				ADE679331CD94C49002C25D3 /* Assets.xcassets */,
				ADE679351CD94C49002C25D3 /* LaunchScreen.storyboard */,
				ADE679381CD94C49002C25D3 /* Info.plist */,
			);
			path = golf_n_friends_client;
			sourceTree = "<group>";
		};
/* End PBXGroup section */

/* Begin PBXNativeTarget section */
		ADE679281CD94C49002C25D3 /* golf_n_friends_client */ = {
			isa = PBXNativeTarget;
			buildConfigurationList = ADE6793B1CD94C49002C25D3 /* Build configuration list for PBXNativeTarget "golf_n_friends_client" */;
			buildPhases = (
				ADE679251CD94C49002C25D3 /* Sources */,
				ADE679261CD94C49002C25D3 /* Frameworks */,
				ADE679271CD94C49002C25D3 /* Resources */,
			);
			buildRules = (
			);
			dependencies = (
			);
			name = golf_n_friends_client;
			productName = golf_n_friends_client;
			productReference = ADE679291CD94C49002C25D3 /* golf_n_friends_client.app */;
			productType = "com.apple.product-type.application";
		};
/* End PBXNativeTarget section */

/* Begin PBXProject section */
		ADE679211CD94C49002C25D3 /* Project object */ = {
			isa = PBXProject;
			attributes = {
				LastSwiftUpdateCheck = 0720;
				LastUpgradeCheck = 0720;
				ORGANIZATIONNAME = "Luke Poppe";
				TargetAttributes = {
					ADE679281CD94C49002C25D3 = {
						CreatedOnToolsVersion = 7.2;
						DevelopmentTeam = U4PL7A6Z32;
					};
				};
			};
			buildConfigurationList = ADE679241CD94C49002C25D3 /* Build configuration list for PBXProject "golf_n_friends_client" */;
			compatibilityVersion = "Xcode 3.2";
			developmentRegion = English;
			hasScannedForEncodings = 0;
			knownRegions = (
				en,
				Base,
			);
			mainGroup = ADE679201CD94C49002C25D3;
			productRefGroup = ADE6792A1CD94C49002C25D3 /* Products */;
			projectDirPath = "";
			projectRoot = "";
			targets = (
				ADE679281CD94C49002C25D3 /* golf_n_friends_client */,
			);
		};
/* End PBXProject section */

/* Begin PBXResourcesBuildPhase section */
		ADE679271CD94C49002C25D3 /* Resources */ = {
			isa = PBXResourcesBuildPhase;
			buildActionMask = 2147483647;
			files = (
				ADE679371CD94C49002C25D3 /* LaunchScreen.storyboard in Resources */,
				ADE679341CD94C49002C25D3 /* Assets.xcassets in Resources */,
				ADE679321CD94C49002C25D3 /* Main.storyboard in Resources */,
			);
			runOnlyForDeploymentPostprocessing = 0;
		};
/* End PBXResourcesBuildPhase section */

/* Begin PBXSourcesBuildPhase section */
		ADE679251CD94C49002C25D3 /* Sources */ = {
			isa = PBXSourcesBuildPhase;
			buildActionMask = 2147483647;
			files = (
				ADE6792F1CD94C49002C25D3 /* ViewController.swift in Sources */,
				ADE6792D1CD94C49002C25D3 /* AppDelegate.swift in Sources */,
			);
			runOnlyForDeploymentPostprocessing = 0;
		};
/* End PBXSourcesBuildPhase section */

/* Begin PBXVariantGroup section */
		ADE679301CD94C49002C25D3 /* Main.storyboard */ = {
			isa = PBXVariantGroup;
			children = (
				ADE679311CD94C49002C25D3 /* Base */,
			);
			name = Main.storyboard;
			sourceTree = "<group>";
		};
		ADE679351CD94C49002C25D3 /* LaunchScreen.storyboard */ = {
			isa = PBXVariantGroup;
			children = (
				ADE679361CD94C49002C25D3 /* Base */,
			);
			name = LaunchScreen.storyboard;
			sourceTree = "<group>";
		};
/* End PBXVariantGroup section */

/* Begin XCBuildConfiguration section */
		ADE679391CD94C49002C25D3 /* Debug */ = {
			isa = XCBuildConfiguration;
			buildSettings = {
				ALWAYS_SEARCH_USER_PATHS = NO;
				CLANG_CXX_LANGUAGE_STANDARD = "gnu++0x";
				CLANG_CXX_LIBRARY = "libc++";
				CLANG_ENABLE_MODULES = YES;
				CLANG_ENABLE_OBJC_ARC = YES;
				CLANG_WARN_BOOL_CONVERSION = YES;
				CLANG_WARN_CONSTANT_CONVERSION = YES;
				CLANG_WARN_DIRECT_OBJC_ISA_USAGE = YES_ERROR;
				CLANG_WARN_EMPTY_BODY = YES;
				CLANG_WARN_ENUM_CONVERSION = YES;
				CLANG_WARN_INT_CONVERSION = YES;
				CLANG_WARN_OBJC_ROOT_CLASS = YES_ERROR;
				CLANG_WARN_UNREACHABLE_CODE = YES;
				CLANG_WARN__DUPLICATE_METHOD_MATCH = YES;
				"CODE_SIGN_IDENTITY[sdk=iphoneos*]" = "iPhone Developer";
				COPY_PHASE_STRIP = NO;
				DEBUG_INFORMATION_FORMAT = dwarf;
				ENABLE_STRICT_OBJC_MSGSEND = YES;
				ENABLE_TESTABILITY = YES;
				GCC_C_LANGUAGE_STANDARD = gnu99;
				GCC_DYNAMIC_NO_PIC = NO;
				GCC_NO_COMMON_BLOCKS = YES;
				GCC_OPTIMIZATION_LEVEL = 0;
				GCC_PREPROCESSOR_DEFINITIONS = (
					"DEBUG=1",
					"$(inherited)",
				);
				GCC_WARN_64_TO_32_BIT_CONVERSION = YES;
				GCC_WARN_ABOUT_RETURN_TYPE = YES_ERROR;
				GCC_WARN_UNDECLARED_SELECTOR = YES;
				GCC_WARN_UNINITIALIZED_AUTOS = YES_AGGRESSIVE;
				GCC_WARN_UNUSED_FUNCTION = YES;
				GCC_WARN_UNUSED_VARIABLE = YES;
				IPHONEOS_DEPLOYMENT_TARGET = 9.2;
				MTL_ENABLE_DEBUG_INFO = YES;
				ONLY_ACTIVE_ARCH = YES;
				SDKROOT = iphoneos;
				SWIFT_OPTIMIZATION_LEVEL = "-Onone";
			};
			name = Debug;
		};
		ADE6793A1CD94C49002C25D3 /* Release */ = {
			isa = XCBuildConfiguration;
			buildSettings = {
				ALWAYS_SEARCH_USER_PATHS = NO;
				CLANG_CXX_LANGUAGE_STANDARD = "gnu++0x";
				CLANG_CXX_LIBRARY = "libc++";
				CLANG_ENABLE_MODULES = YES;
				CLANG_ENABLE_OBJC_ARC = YES;
				CLANG_WARN_BOOL_CONVERSION = YES;
				CLANG_WARN_CONSTANT_CONVERSION = YES;
				CLANG_WARN_DIRECT_OBJC_ISA_USAGE = YES_ERROR;
				CLANG_WARN_EMPTY_BODY = YES;
				CLANG_WARN_ENUM_CONVERSION = YES;
				CLANG_WARN_INT_CONVERSION = YES;
				CLANG_WARN_OBJC_ROOT_CLASS = YES_ERROR;
				CLANG_WARN_UNREACHABLE_CODE = YES;
				CLANG_WARN__DUPLICATE_METHOD_MATCH = YES;
				"CODE_SIGN_IDENTITY[sdk=iphoneos*]" = "iPhone Developer";
				COPY_PHASE_STRIP = NO;
				DEBUG_INFORMATION_FORMAT = "dwarf-with-dsym";
				ENABLE_NS_ASSERTIONS = NO;
				ENABLE_STRICT_OBJC_MSGSEND = YES;
				GCC_C_LANGUAGE_STANDARD = gnu99;
				GCC_NO_COMMON_BLOCKS = YES;
				GCC_WARN_64_TO_32_BIT_CONVERSION = YES;
				GCC_WARN_ABOUT_RETURN_TYPE = YES_ERROR;
				GCC_WARN_UNDECLARED_SELECTOR = YES;
				GCC_WARN_UNINITIALIZED_AUTOS = YES_AGGRESSIVE;
				GCC_WARN_UNUSED_FUNCTION = YES;
				GCC_WARN_UNUSED_VARIABLE = YES;
				IPHONEOS_DEPLOYMENT_TARGET = 9.2;
				MTL_ENABLE_DEBUG_INFO = NO;
				SDKROOT = iphoneos;
				VALIDATE_PRODUCT = YES;
			};
			name = Release;
		};
		ADE6793C1CD94C49002C25D3 /* Debug */ = {
			isa = XCBuildConfiguration;
			buildSettings = {
				ASSETCATALOG_COMPILER_APPICON_NAME = AppIcon;
				INFOPLIST_FILE = golf_n_friends_client/Info.plist;
				LD_RUNPATH_SEARCH_PATHS = "$(inherited) @executable_path/Frameworks";
				PRODUCT_BUNDLE_IDENTIFIER = "Luke-Poppe.golf-n-friends-client";
				PRODUCT_NAME = "$(TARGET_NAME)";
			};
			name = Debug;
		};
		ADE6793D1CD94C49002C25D3 /* Release */ = {
			isa = XCBuildConfiguration;
			buildSettings = {
				ASSETCATALOG_COMPILER_APPICON_NAME = AppIcon;
				INFOPLIST_FILE = golf_n_friends_client/Info.plist;
				LD_RUNPATH_SEARCH_PATHS = "$(inherited) @executable_path/Frameworks";
				PRODUCT_BUNDLE_IDENTIFIER = "Luke-Poppe.golf-n-friends-client";
				PRODUCT_NAME = "$(TARGET_NAME)";
			};
			name = Release;
		};
/* End XCBuildConfiguration section */

/* Begin XCConfigurationList section */
		ADE679241CD94C49002C25D3 /* Build configuration list for PBXProject "golf_n_friends_client" */ = {
			isa = XCConfigurationList;
			buildConfigurations = (
				ADE679391CD94C49002C25D3 /* Debug */,
				ADE6793A1CD94C49002C25D3 /* Release */,
			);
			defaultConfigurationIsVisible = 0;
			defaultConfigurationName = Release;
		};
		ADE6793B1CD94C49002C25D3 /* Build configuration list for PBXNativeTarget "golf_n_friends_client" */ = {
			isa = XCConfigurationList;
			buildConfigurations = (
				ADE6793C1CD94C49002C25D3 /* Debug */,
				ADE6793D1CD94C49002C25D3 /* Release */,
			);
			defaultConfigurationIsVisible = 0;
		};
/* End XCConfigurationList section */
	};
	rootObject = ADE679211CD94C49002C25D3 /* Project object */;
}
